{
  "object": {
    "pins": [
      {
        "package": "BaseSwift",
        "repositoryURL": "https://github.com/nallick/BaseSwift.git",
        "state": {
          "branch": null,
          "revision": "8256eae6b344a106e69880b9c91b92ef52e9e0bd",
          "version": "1.0.1"
        }
      }
    ]
  },
  "version": 1
}
